
Microsoft Visual Studio Solution File, Format Version 12.00
# Visual Studio Version 17
VisualStudioVersion = 17.5.002.0
MinimumVisualStudioVersion = 10.0.40219.1
Project("{2150E333-8FDC-42A3-9474-1A3956D46DE8}") = "csharp-prep", "csharp-prep", "{F69645BA-D904-4723-A12F-867328382FAE}"
EndProject
Project("{9A19103F-16F7-4668-BE54-9A1E7A4F7556}") = "Prep1", "csharp-prep\Prep1\Prep1.csproj", "{7047925F-64FC-4CBA-ABE7-D224659F0E5D}"
EndProject
Project("{9A19103F-16F7-4668-BE54-9A1E7A4F7556}") = "Prep2", "csharp-prep\Prep2\Prep2.csproj", "{810617A0-24E8-4A0F-B8AE-3E52ADDDF133}"
EndProject
Project("{9A19103F-16F7-4668-BE54-9A1E7A4F7556}") = "Prep3", "csharp-prep\Prep3\Prep3.csproj", "{6CF6492F-69B8-4DF7-94DE-553F150552B2}"
EndProject
Project("{9A19103F-16F7-4668-BE54-9A1E7A4F7556}") = "Prep4", "csharp-prep\Prep4\Prep4.csproj", "{A5E034D4-154E-41C3-9330-F0A309E436A8}"
EndProject
Project("{9A19103F-16F7-4668-BE54-9A1E7A4F7556}") = "Prep5", "csharp-prep\Prep5\Prep5.csproj", "{FA02D0C2-DDA1-47D6-BDFF-A62E404BCCB2}"
EndProject
Project("{2150E333-8FDC-42A3-9474-1A3956D46DE8}") = "final", "final", "{419D791B-A5B9-4893-BF84-2C61FDF183C7}"
EndProject
Project("{9A19103F-16F7-4668-BE54-9A1E7A4F7556}") = "FinalProject", "final\FinalProject\FinalProject.csproj", "{C30BAF47-71AF-4D25-BFEE-CD846AB589A4}"
EndProject
Project("{9A19103F-16F7-4668-BE54-9A1E7A4F7556}") = "Foundation1", "final\Foundation1\Foundation1.csproj", "{D0DF5145-D262-4E9E-8E0A-20B794CD23CE}"
EndProject
Project("{9A19103F-16F7-4668-BE54-9A1E7A4F7556}") = "Foundation2", "final\Foundation2\Foundation2.csproj", "{40D6E2E3-137B-410F-9F7A-0097B1B2AF45}"
EndProject
Project("{9A19103F-16F7-4668-BE54-9A1E7A4F7556}") = "Foundation3", "final\Foundation3\Foundation3.csproj", "{2C67AF5A-A2F6-4B73-A2B6-A99BB015148D}"
EndProject
Project("{9A19103F-16F7-4668-BE54-9A1E7A4F7556}") = "Foundation4", "final\Foundation4\Foundation4.csproj", "{02DC763B-0101-4251-91A4-E92A71DC412D}"
EndProject
Project("{2150E333-8FDC-42A3-9474-1A3956D46DE8}") = "prepare", "prepare", "{8238FAF4-CFDF-4E6F-BB7E-1E59418A06D2}"
EndProject
Project("{9A19103F-16F7-4668-BE54-9A1E7A4F7556}") = "Learning02", "prepare\Learning02\Learning02.csproj", "{9CF05291-6DC0-4384-B379-E92DCD3EAE47}"
EndProject
Project("{9A19103F-16F7-4668-BE54-9A1E7A4F7556}") = "Learning03", "prepare\Learning03\Learning03.csproj", "{C31CF7D8-064C-4109-AA93-2CBCF17F2AB6}"
EndProject
Project("{9A19103F-16F7-4668-BE54-9A1E7A4F7556}") = "Learning04", "prepare\Learning04\Learning04.csproj", "{EB16CBAF-479D-49FE-91F9-212047961E34}"
EndProject
Project("{9A19103F-16F7-4668-BE54-9A1E7A4F7556}") = "Learning05", "prepare\Learning05\Learning05.csproj", "{46EF624D-1F9C-406D-BBDD-BC786ACA2241}"
EndProject
Project("{2150E333-8FDC-42A3-9474-1A3956D46DE8}") = "prove", "prove", "{E9FB64D3-2F74-4469-A01C-D53AD18D62A4}"
EndProject
Project("{9A19103F-16F7-4668-BE54-9A1E7A4F7556}") = "Develop02", "prove\Develop02\Develop02.csproj", "{2AB576A1-B5A4-405D-9D87-CD0F1C96297B}"
EndProject
Project("{9A19103F-16F7-4668-BE54-9A1E7A4F7556}") = "Develop03", "prove\Develop03\Develop03.csproj", "{FC1BCCF1-279E-419B-973C-F05EA355FC0B}"
EndProject
Project("{9A19103F-16F7-4668-BE54-9A1E7A4F7556}") = "Develop04", "prove\Develop04\Develop04.csproj", "{6931F5C1-7C46-4383-BBD1-1EA8255AD7EF}"
EndProject
Project("{9A19103F-16F7-4668-BE54-9A1E7A4F7556}") = "Develop05", "prove\Develop05\Develop05.csproj", "{F339C4A1-8DF3-4AF7-9270-9F9B0578C09C}"
EndProject
Project("{2150E333-8FDC-42A3-9474-1A3956D46DE8}") = "sandbox", "sandbox", "{BC47112E-735B-437B-A060-4AE7C4E86502}"
EndProject
Project("{9A19103F-16F7-4668-BE54-9A1E7A4F7556}") = "Sandbox", "sandbox\Sandbox\Sandbox.csproj", "{8C012658-EDF5-4108-86FD-ABFA8A7D0CD3}"
EndProject
Global
	GlobalSection(SolutionConfigurationPlatforms) = preSolution
		Debug|Any CPU = Debug|Any CPU
		Release|Any CPU = Release|Any CPU
	EndGlobalSection
	GlobalSection(ProjectConfigurationPlatforms) = postSolution
		{7047925F-64FC-4CBA-ABE7-D224659F0E5D}.Debug|Any CPU.ActiveCfg = Debug|Any CPU
		{7047925F-64FC-4CBA-ABE7-D224659F0E5D}.Debug|Any CPU.Build.0 = Debug|Any CPU
		{7047925F-64FC-4CBA-ABE7-D224659F0E5D}.Release|Any CPU.ActiveCfg = Release|Any CPU
		{7047925F-64FC-4CBA-ABE7-D224659F0E5D}.Release|Any CPU.Build.0 = Release|Any CPU
		{810617A0-24E8-4A0F-B8AE-3E52ADDDF133}.Debug|Any CPU.ActiveCfg = Debug|Any CPU
		{810617A0-24E8-4A0F-B8AE-3E52ADDDF133}.Debug|Any CPU.Build.0 = Debug|Any CPU
		{810617A0-24E8-4A0F-B8AE-3E52ADDDF133}.Release|Any CPU.ActiveCfg = Release|Any CPU
		{810617A0-24E8-4A0F-B8AE-3E52ADDDF133}.Release|Any CPU.Build.0 = Release|Any CPU
		{6CF6492F-69B8-4DF7-94DE-553F150552B2}.Debug|Any CPU.ActiveCfg = Debug|Any CPU
		{6CF6492F-69B8-4DF7-94DE-553F150552B2}.Debug|Any CPU.Build.0 = Debug|Any CPU
		{6CF6492F-69B8-4DF7-94DE-553F150552B2}.Release|Any CPU.ActiveCfg = Release|Any CPU
		{6CF6492F-69B8-4DF7-94DE-553F150552B2}.Release|Any CPU.Build.0 = Release|Any CPU
		{A5E034D4-154E-41C3-9330-F0A309E436A8}.Debug|Any CPU.ActiveCfg = Debug|Any CPU
		{A5E034D4-154E-41C3-9330-F0A309E436A8}.Debug|Any CPU.Build.0 = Debug|Any CPU
		{A5E034D4-154E-41C3-9330-F0A309E436A8}.Release|Any CPU.ActiveCfg = Release|Any CPU
		{A5E034D4-154E-41C3-9330-F0A309E436A8}.Release|Any CPU.Build.0 = Release|Any CPU
		{FA02D0C2-DDA1-47D6-BDFF-A62E404BCCB2}.Debug|Any CPU.ActiveCfg = Debug|Any CPU
		{FA02D0C2-DDA1-47D6-BDFF-A62E404BCCB2}.Debug|Any CPU.Build.0 = Debug|Any CPU
		{FA02D0C2-DDA1-47D6-BDFF-A62E404BCCB2}.Release|Any CPU.ActiveCfg = Release|Any CPU
		{FA02D0C2-DDA1-47D6-BDFF-A62E404BCCB2}.Release|Any CPU.Build.0 = Release|Any CPU
		{C30BAF47-71AF-4D25-BFEE-CD846AB589A4}.Debug|Any CPU.ActiveCfg = Debug|Any CPU
		{C30BAF47-71AF-4D25-BFEE-CD846AB589A4}.Debug|Any CPU.Build.0 = Debug|Any CPU
		{C30BAF47-71AF-4D25-BFEE-CD846AB589A4}.Release|Any CPU.ActiveCfg = Release|Any CPU
		{C30BAF47-71AF-4D25-BFEE-CD846AB589A4}.Release|Any CPU.Build.0 = Release|Any CPU
		{D0DF5145-D262-4E9E-8E0A-20B794CD23CE}.Debug|Any CPU.ActiveCfg = Debug|Any CPU
		{D0DF5145-D262-4E9E-8E0A-20B794CD23CE}.Debug|Any CPU.Build.0 = Debug|Any CPU
		{D0DF5145-D262-4E9E-8E0A-20B794CD23CE}.Release|Any CPU.ActiveCfg = Release|Any CPU
		{D0DF5145-D262-4E9E-8E0A-20B794CD23CE}.Release|Any CPU.Build.0 = Release|Any CPU
		{40D6E2E3-137B-410F-9F7A-0097B1B2AF45}.Debug|Any CPU.ActiveCfg = Debug|Any CPU
		{40D6E2E3-137B-410F-9F7A-0097B1B2AF45}.Debug|Any CPU.Build.0 = Debug|Any CPU
		{40D6E2E3-137B-410F-9F7A-0097B1B2AF45}.Release|Any CPU.ActiveCfg = Release|Any CPU
		{40D6E2E3-137B-410F-9F7A-0097B1B2AF45}.Release|Any CPU.Build.0 = Release|Any CPU
		{2C67AF5A-A2F6-4B73-A2B6-A99BB015148D}.Debug|Any CPU.ActiveCfg = Debug|Any CPU
		{2C67AF5A-A2F6-4B73-A2B6-A99BB015148D}.Debug|Any CPU.Build.0 = Debug|Any CPU
		{2C67AF5A-A2F6-4B73-A2B6-A99BB015148D}.Release|Any CPU.ActiveCfg = Release|Any CPU
		{2C67AF5A-A2F6-4B73-A2B6-A99BB015148D}.Release|Any CPU.Build.0 = Release|Any CPU
		{02DC763B-0101-4251-91A4-E92A71DC412D}.Debug|Any CPU.ActiveCfg = Debug|Any CPU
		{02DC763B-0101-4251-91A4-E92A71DC412D}.Debug|Any CPU.Build.0 = Debug|Any CPU
		{02DC763B-0101-4251-91A4-E92A71DC412D}.Release|Any CPU.ActiveCfg = Release|Any CPU
		{02DC763B-0101-4251-91A4-E92A71DC412D}.Release|Any CPU.Build.0 = Release|Any CPU
		{9CF05291-6DC0-4384-B379-E92DCD3EAE47}.Debug|Any CPU.ActiveCfg = Debug|Any CPU
		{9CF05291-6DC0-4384-B379-E92DCD3EAE47}.Debug|Any CPU.Build.0 = Debug|Any CPU
		{9CF05291-6DC0-4384-B379-E92DCD3EAE47}.Release|Any CPU.ActiveCfg = Release|Any CPU
		{9CF05291-6DC0-4384-B379-E92DCD3EAE47}.Release|Any CPU.Build.0 = Release|Any CPU
		{C31CF7D8-064C-4109-AA93-2CBCF17F2AB6}.Debug|Any CPU.ActiveCfg = Debug|Any CPU
		{C31CF7D8-064C-4109-AA93-2CBCF17F2AB6}.Debug|Any CPU.Build.0 = Debug|Any CPU
		{C31CF7D8-064C-4109-AA93-2CBCF17F2AB6}.Release|Any CPU.ActiveCfg = Release|Any CPU
		{C31CF7D8-064C-4109-AA93-2CBCF17F2AB6}.Release|Any CPU.Build.0 = Release|Any CPU
		{EB16CBAF-479D-49FE-91F9-212047961E34}.Debug|Any CPU.ActiveCfg = Debug|Any CPU
		{EB16CBAF-479D-49FE-91F9-212047961E34}.Debug|Any CPU.Build.0 = Debug|Any CPU
		{EB16CBAF-479D-49FE-91F9-212047961E34}.Release|Any CPU.ActiveCfg = Release|Any CPU
		{EB16CBAF-479D-49FE-91F9-212047961E34}.Release|Any CPU.Build.0 = Release|Any CPU
		{46EF624D-1F9C-406D-BBDD-BC786ACA2241}.Debug|Any CPU.ActiveCfg = Debug|Any CPU
		{46EF624D-1F9C-406D-BBDD-BC786ACA2241}.Debug|Any CPU.Build.0 = Debug|Any CPU
		{46EF624D-1F9C-406D-BBDD-BC786ACA2241}.Release|Any CPU.ActiveCfg = Release|Any CPU
		{46EF624D-1F9C-406D-BBDD-BC786ACA2241}.Release|Any CPU.Build.0 = Release|Any CPU
		{2AB576A1-B5A4-405D-9D87-CD0F1C96297B}.Debug|Any CPU.ActiveCfg = Debug|Any CPU
		{2AB576A1-B5A4-405D-9D87-CD0F1C96297B}.Debug|Any CPU.Build.0 = Debug|Any CPU
		{2AB576A1-B5A4-405D-9D87-CD0F1C96297B}.Release|Any CPU.ActiveCfg = Release|Any CPU
		{2AB576A1-B5A4-405D-9D87-CD0F1C96297B}.Release|Any CPU.Build.0 = Release|Any CPU
		{FC1BCCF1-279E-419B-973C-F05EA355FC0B}.Debug|Any CPU.ActiveCfg = Debug|Any CPU
		{FC1BCCF1-279E-419B-973C-F05EA355FC0B}.Debug|Any CPU.Build.0 = Debug|Any CPU
		{FC1BCCF1-279E-419B-973C-F05EA355FC0B}.Release|Any CPU.ActiveCfg = Release|Any CPU
		{FC1BCCF1-279E-419B-973C-F05EA355FC0B}.Release|Any CPU.Build.0 = Release|Any CPU
		{6931F5C1-7C46-4383-BBD1-1EA8255AD7EF}.Debug|Any CPU.ActiveCfg = Debug|Any CPU
		{6931F5C1-7C46-4383-BBD1-1EA8255AD7EF}.Debug|Any CPU.Build.0 = Debug|Any CPU
		{6931F5C1-7C46-4383-BBD1-1EA8255AD7EF}.Release|Any CPU.ActiveCfg = Release|Any CPU
		{6931F5C1-7C46-4383-BBD1-1EA8255AD7EF}.Release|Any CPU.Build.0 = Release|Any CPU
		{F339C4A1-8DF3-4AF7-9270-9F9B0578C09C}.Debug|Any CPU.ActiveCfg = Debug|Any CPU
		{F339C4A1-8DF3-4AF7-9270-9F9B0578C09C}.Debug|Any CPU.Build.0 = Debug|Any CPU
		{F339C4A1-8DF3-4AF7-9270-9F9B0578C09C}.Release|Any CPU.ActiveCfg = Release|Any CPU
		{F339C4A1-8DF3-4AF7-9270-9F9B0578C09C}.Release|Any CPU.Build.0 = Release|Any CPU
		{8C012658-EDF5-4108-86FD-ABFA8A7D0CD3}.Debug|Any CPU.ActiveCfg = Debug|Any CPU
		{8C012658-EDF5-4108-86FD-ABFA8A7D0CD3}.Debug|Any CPU.Build.0 = Debug|Any CPU
		{8C012658-EDF5-4108-86FD-ABFA8A7D0CD3}.Release|Any CPU.ActiveCfg = Release|Any CPU
		{8C012658-EDF5-4108-86FD-ABFA8A7D0CD3}.Release|Any CPU.Build.0 = Release|Any CPU
	EndGlobalSection
	GlobalSection(SolutionProperties) = preSolution
		HideSolutionNode = FALSE
	EndGlobalSection
	GlobalSection(NestedProjects) = preSolution
		{7047925F-64FC-4CBA-ABE7-D224659F0E5D} = {F69645BA-D904-4723-A12F-867328382FAE}
		{810617A0-24E8-4A0F-B8AE-3E52ADDDF133} = {F69645BA-D904-4723-A12F-867328382FAE}
		{6CF6492F-69B8-4DF7-94DE-553F150552B2} = {F69645BA-D904-4723-A12F-867328382FAE}
		{A5E034D4-154E-41C3-9330-F0A309E436A8} = {F69645BA-D904-4723-A12F-867328382FAE}
		{FA02D0C2-DDA1-47D6-BDFF-A62E404BCCB2} = {F69645BA-D904-4723-A12F-867328382FAE}
		{C30BAF47-71AF-4D25-BFEE-CD846AB589A4} = {419D791B-A5B9-4893-BF84-2C61FDF183C7}
		{D0DF5145-D262-4E9E-8E0A-20B794CD23CE} = {419D791B-A5B9-4893-BF84-2C61FDF183C7}
		{40D6E2E3-137B-410F-9F7A-0097B1B2AF45} = {419D791B-A5B9-4893-BF84-2C61FDF183C7}
		{2C67AF5A-A2F6-4B73-A2B6-A99BB015148D} = {419D791B-A5B9-4893-BF84-2C61FDF183C7}
		{02DC763B-0101-4251-91A4-E92A71DC412D} = {419D791B-A5B9-4893-BF84-2C61FDF183C7}
		{9CF05291-6DC0-4384-B379-E92DCD3EAE47} = {8238FAF4-CFDF-4E6F-BB7E-1E59418A06D2}
		{C31CF7D8-064C-4109-AA93-2CBCF17F2AB6} = {8238FAF4-CFDF-4E6F-BB7E-1E59418A06D2}
		{EB16CBAF-479D-49FE-91F9-212047961E34} = {8238FAF4-CFDF-4E6F-BB7E-1E59418A06D2}
		{46EF624D-1F9C-406D-BBDD-BC786ACA2241} = {8238FAF4-CFDF-4E6F-BB7E-1E59418A06D2}
		{2AB576A1-B5A4-405D-9D87-CD0F1C96297B} = {E9FB64D3-2F74-4469-A01C-D53AD18D62A4}
		{FC1BCCF1-279E-419B-973C-F05EA355FC0B} = {E9FB64D3-2F74-4469-A01C-D53AD18D62A4}
		{6931F5C1-7C46-4383-BBD1-1EA8255AD7EF} = {E9FB64D3-2F74-4469-A01C-D53AD18D62A4}
		{F339C4A1-8DF3-4AF7-9270-9F9B0578C09C} = {E9FB64D3-2F74-4469-A01C-D53AD18D62A4}
		{8C012658-EDF5-4108-86FD-ABFA8A7D0CD3} = {BC47112E-735B-437B-A060-4AE7C4E86502}
	EndGlobalSection
	GlobalSection(ExtensibilityGlobals) = postSolution
		SolutionGuid = {5F5D114D-7301-4696-8DF0-7CD923BBF2D5}
	EndGlobalSection
EndGlobal
